
Microsoft Visual Studio Solution File, Format Version 12.00
Project("{FAE04EC0-301F-11D3-BF4B-00C04F79EFBC}") = "IoTConsumer", "IoTConsumer\IoTConsumer.csproj", "{2F30126F-156F-459C-A688-D44728C9DC39}"
EndProject
Project("{FAE04EC0-301F-11D3-BF4B-00C04F79EFBC}") = "Data", "Data\Data.csproj", "{462F5EDF-7E36-4EC1-A1C2-EA28047B073B}"
EndProject
Project("{FAE04EC0-301F-11D3-BF4B-00C04F79EFBC}") = "Api", "Api\Api.csproj", "{F78B7C10-6BD0-47DC-80A3-433E78D770C2}"
EndProject
Global
	GlobalSection(SolutionConfigurationPlatforms) = preSolution
		Debug|Any CPU = Debug|Any CPU
		Release|Any CPU = Release|Any CPU
	EndGlobalSection
	GlobalSection(ProjectConfigurationPlatforms) = postSolution
		{2F30126F-156F-459C-A688-D44728C9DC39}.Debug|Any CPU.ActiveCfg = Debug|Any CPU
		{2F30126F-156F-459C-A688-D44728C9DC39}.Debug|Any CPU.Build.0 = Debug|Any CPU
		{2F30126F-156F-459C-A688-D44728C9DC39}.Release|Any CPU.ActiveCfg = Release|Any CPU
		{2F30126F-156F-459C-A688-D44728C9DC39}.Release|Any CPU.Build.0 = Release|Any CPU
		{462F5EDF-7E36-4EC1-A1C2-EA28047B073B}.Debug|Any CPU.ActiveCfg = Debug|Any CPU
		{462F5EDF-7E36-4EC1-A1C2-EA28047B073B}.Debug|Any CPU.Build.0 = Debug|Any CPU
		{462F5EDF-7E36-4EC1-A1C2-EA28047B073B}.Release|Any CPU.ActiveCfg = Release|Any CPU
		{462F5EDF-7E36-4EC1-A1C2-EA28047B073B}.Release|Any CPU.Build.0 = Release|Any CPU
		{F78B7C10-6BD0-47DC-80A3-433E78D770C2}.Debug|Any CPU.ActiveCfg = Debug|Any CPU
		{F78B7C10-6BD0-47DC-80A3-433E78D770C2}.Debug|Any CPU.Build.0 = Debug|Any CPU
		{F78B7C10-6BD0-47DC-80A3-433E78D770C2}.Release|Any CPU.ActiveCfg = Release|Any CPU
		{F78B7C10-6BD0-47DC-80A3-433E78D770C2}.Release|Any CPU.Build.0 = Release|Any CPU
	EndGlobalSection
EndGlobal
